
Microsoft Visual Studio Solution File, Format Version 12.00
# Visual Studio Version 17
VisualStudioVersion = 17.10.35122.118
MinimumVisualStudioVersion = 10.0.40219.1
Project("{9A19103F-16F7-4668-BE54-9A1E7A4F7556}") = "ProductProject.Api", "ProductProject.Api\ProductProject.Api.csproj", "{CC9507C1-F566-4B92-A30B-021D986EE818}"
	ProjectSection(ProjectDependencies) = postProject
		{DE5A2181-6380-4BAF-AB1F-E1BB23D11D21} = {DE5A2181-6380-4BAF-AB1F-E1BB23D11D21}
	EndProjectSection
EndProject
Project("{FAE04EC0-301F-11D3-BF4B-00C04F79EFBC}") = "ProductProject.Service", "ProductProject.Service\ProductProject.Service.csproj", "{DE5A2181-6380-4BAF-AB1F-E1BB23D11D21}"
	ProjectSection(ProjectDependencies) = postProject
		{FC13F87C-3614-4F6D-A779-43A39A6A9A4B} = {FC13F87C-3614-4F6D-A779-43A39A6A9A4B}
	EndProjectSection
EndProject
Project("{FAE04EC0-301F-11D3-BF4B-00C04F79EFBC}") = "ProductProject.Database", "ProductProject.Database\ProductProject.Database.csproj", "{FC13F87C-3614-4F6D-A779-43A39A6A9A4B}"
EndProject
Global
	GlobalSection(SolutionConfigurationPlatforms) = preSolution
		Debug|Any CPU = Debug|Any CPU
		Release|Any CPU = Release|Any CPU
	EndGlobalSection
	GlobalSection(ProjectConfigurationPlatforms) = postSolution
		{CC9507C1-F566-4B92-A30B-021D986EE818}.Debug|Any CPU.ActiveCfg = Debug|Any CPU
		{CC9507C1-F566-4B92-A30B-021D986EE818}.Debug|Any CPU.Build.0 = Debug|Any CPU
		{CC9507C1-F566-4B92-A30B-021D986EE818}.Release|Any CPU.ActiveCfg = Release|Any CPU
		{CC9507C1-F566-4B92-A30B-021D986EE818}.Release|Any CPU.Build.0 = Release|Any CPU
		{DE5A2181-6380-4BAF-AB1F-E1BB23D11D21}.Debug|Any CPU.ActiveCfg = Debug|Any CPU
		{DE5A2181-6380-4BAF-AB1F-E1BB23D11D21}.Debug|Any CPU.Build.0 = Debug|Any CPU
		{DE5A2181-6380-4BAF-AB1F-E1BB23D11D21}.Release|Any CPU.ActiveCfg = Release|Any CPU
		{DE5A2181-6380-4BAF-AB1F-E1BB23D11D21}.Release|Any CPU.Build.0 = Release|Any CPU
		{FC13F87C-3614-4F6D-A779-43A39A6A9A4B}.Debug|Any CPU.ActiveCfg = Debug|Any CPU
		{FC13F87C-3614-4F6D-A779-43A39A6A9A4B}.Debug|Any CPU.Build.0 = Debug|Any CPU
		{FC13F87C-3614-4F6D-A779-43A39A6A9A4B}.Release|Any CPU.ActiveCfg = Release|Any CPU
		{FC13F87C-3614-4F6D-A779-43A39A6A9A4B}.Release|Any CPU.Build.0 = Release|Any CPU
	EndGlobalSection
	GlobalSection(SolutionProperties) = preSolution
		HideSolutionNode = FALSE
	EndGlobalSection
	GlobalSection(ExtensibilityGlobals) = postSolution
		SolutionGuid = {5B577191-E9A2-4AC3-84A8-F96BACF5F5D3}
	EndGlobalSection
EndGlobal
